
Microsoft Visual Studio Solution File, Format Version 12.00
# Visual Studio Version 17
VisualStudioVersion = 17.7.34031.279
MinimumVisualStudioVersion = 10.0.40219.1
Project("{FAE04EC0-301F-11D3-BF4B-00C04F79EFBC}") = "23dh114518_MyStore", "23dh114518_MyStore\23dh114518_MyStore.csproj", "{B4BCDED6-0713-4142-8F1A-441DB635BCB8}"
EndProject
Global
	GlobalSection(SolutionConfigurationPlatforms) = preSolution
		Debug|Any CPU = Debug|Any CPU
		Release|Any CPU = Release|Any CPU
	EndGlobalSection
	GlobalSection(ProjectConfigurationPlatforms) = postSolution
		{B4BCDED6-0713-4142-8F1A-441DB635BCB8}.Debug|Any CPU.ActiveCfg = Debug|Any CPU
		{B4BCDED6-0713-4142-8F1A-441DB635BCB8}.Debug|Any CPU.Build.0 = Debug|Any CPU
		{B4BCDED6-0713-4142-8F1A-441DB635BCB8}.Release|Any CPU.ActiveCfg = Release|Any CPU
		{B4BCDED6-0713-4142-8F1A-441DB635BCB8}.Release|Any CPU.Build.0 = Release|Any CPU
	EndGlobalSection
	GlobalSection(SolutionProperties) = preSolution
		HideSolutionNode = FALSE
	EndGlobalSection
	GlobalSection(ExtensibilityGlobals) = postSolution
		SolutionGuid = {1C1F9220-BE08-484B-902E-8385AF97928A}
	EndGlobalSection
EndGlobal
